
Microsoft Visual Studio Solution File, Format Version 12.00
# Visual Studio Version 17
VisualStudioVersion = 17.12.35209.166
MinimumVisualStudioVersion = 10.0.40219.1
Project("{FAE04EC0-301F-11D3-BF4B-00C04F79EFBC}") = "LibraryManagementSystem", "LibraryManagementSystem\LibraryManagementSystem.csproj", "{901C4956-7E10-4651-8918-6E5DAF05BA67}"
EndProject
Global
	GlobalSection(SolutionConfigurationPlatforms) = preSolution
		Debug|Any CPU = Debug|Any CPU
		Release|Any CPU = Release|Any CPU
	EndGlobalSection
	GlobalSection(ProjectConfigurationPlatforms) = postSolution
		{901C4956-7E10-4651-8918-6E5DAF05BA67}.Debug|Any CPU.ActiveCfg = Debug|Any CPU
		{901C4956-7E10-4651-8918-6E5DAF05BA67}.Debug|Any CPU.Build.0 = Debug|Any CPU
		{901C4956-7E10-4651-8918-6E5DAF05BA67}.Release|Any CPU.ActiveCfg = Release|Any CPU
		{901C4956-7E10-4651-8918-6E5DAF05BA67}.Release|Any CPU.Build.0 = Release|Any CPU
	EndGlobalSection
	GlobalSection(SolutionProperties) = preSolution
		HideSolutionNode = FALSE
	EndGlobalSection
	GlobalSection(ExtensibilityGlobals) = postSolution
		SolutionGuid = {D5C695BF-5D0D-4CC4-88AC-88381C0B0A7C}
	EndGlobalSection
EndGlobal
