
Microsoft Visual Studio Solution File, Format Version 12.00
# Visual Studio Version 17
VisualStudioVersion = 17.12.35209.166
MinimumVisualStudioVersion = 10.0.40219.1
Project("{FAE04EC0-301F-11D3-BF4B-00C04F79EFBC}") = "AB205AcademyManagementEFProject", "AB205AcademyManagementEFProject\AB205AcademyManagementEFProject.csproj", "{1119E406-3035-4CEF-9A34-391A2FAA87B0}"
EndProject
Global
	GlobalSection(SolutionConfigurationPlatforms) = preSolution
		Debug|Any CPU = Debug|Any CPU
		Release|Any CPU = Release|Any CPU
	EndGlobalSection
	GlobalSection(ProjectConfigurationPlatforms) = postSolution
		{1119E406-3035-4CEF-9A34-391A2FAA87B0}.Debug|Any CPU.ActiveCfg = Debug|Any CPU
		{1119E406-3035-4CEF-9A34-391A2FAA87B0}.Debug|Any CPU.Build.0 = Debug|Any CPU
		{1119E406-3035-4CEF-9A34-391A2FAA87B0}.Release|Any CPU.ActiveCfg = Release|Any CPU
		{1119E406-3035-4CEF-9A34-391A2FAA87B0}.Release|Any CPU.Build.0 = Release|Any CPU
	EndGlobalSection
	GlobalSection(SolutionProperties) = preSolution
		HideSolutionNode = FALSE
	EndGlobalSection
	GlobalSection(ExtensibilityGlobals) = postSolution
		SolutionGuid = {324B8DB1-1D71-4762-845F-F7AD910EC066}
	EndGlobalSection
EndGlobal
