
Microsoft Visual Studio Solution File, Format Version 12.00
# Visual Studio Version 17
VisualStudioVersion = 17.12.35209.166
MinimumVisualStudioVersion = 10.0.40219.1
Project("{FAE04EC0-301F-11D3-BF4B-00C04F79EFBC}") = "IdIncrement", "IdIcrement\IdIncrement.csproj", "{AC242216-2E7E-432A-9928-4FC13805241F}"
EndProject
Global
	GlobalSection(SolutionConfigurationPlatforms) = preSolution
		Debug|Any CPU = Debug|Any CPU
		Release|Any CPU = Release|Any CPU
	EndGlobalSection
	GlobalSection(ProjectConfigurationPlatforms) = postSolution
		{AC242216-2E7E-432A-9928-4FC13805241F}.Debug|Any CPU.ActiveCfg = Debug|Any CPU
		{AC242216-2E7E-432A-9928-4FC13805241F}.Debug|Any CPU.Build.0 = Debug|Any CPU
		{AC242216-2E7E-432A-9928-4FC13805241F}.Release|Any CPU.ActiveCfg = Release|Any CPU
		{AC242216-2E7E-432A-9928-4FC13805241F}.Release|Any CPU.Build.0 = Release|Any CPU
	EndGlobalSection
	GlobalSection(SolutionProperties) = preSolution
		HideSolutionNode = FALSE
	EndGlobalSection
	GlobalSection(ExtensibilityGlobals) = postSolution
		SolutionGuid = {2229253B-C818-4F94-850E-47492282AE6C}
	EndGlobalSection
EndGlobal
