
Microsoft Visual Studio Solution File, Format Version 12.00
# Visual Studio Version 17
VisualStudioVersion = 17.12.35209.166
MinimumVisualStudioVersion = 10.0.40219.1
Project("{FAE04EC0-301F-11D3-BF4B-00C04F79EFBC}") = "AlgorithimTask", "AlgorithimTask\AlgorithimTask.csproj", "{929BAED6-2634-49A3-B086-AFCBBAFB2AD2}"
EndProject
Global
	GlobalSection(SolutionConfigurationPlatforms) = preSolution
		Debug|Any CPU = Debug|Any CPU
		Release|Any CPU = Release|Any CPU
	EndGlobalSection
	GlobalSection(ProjectConfigurationPlatforms) = postSolution
		{929BAED6-2634-49A3-B086-AFCBBAFB2AD2}.Debug|Any CPU.ActiveCfg = Debug|Any CPU
		{929BAED6-2634-49A3-B086-AFCBBAFB2AD2}.Debug|Any CPU.Build.0 = Debug|Any CPU
		{929BAED6-2634-49A3-B086-AFCBBAFB2AD2}.Release|Any CPU.ActiveCfg = Release|Any CPU
		{929BAED6-2634-49A3-B086-AFCBBAFB2AD2}.Release|Any CPU.Build.0 = Release|Any CPU
	EndGlobalSection
	GlobalSection(SolutionProperties) = preSolution
		HideSolutionNode = FALSE
	EndGlobalSection
	GlobalSection(ExtensibilityGlobals) = postSolution
		SolutionGuid = {C19C565A-4828-49FB-A3C1-8B513C89FA75}
	EndGlobalSection
EndGlobal
