
Microsoft Visual Studio Solution File, Format Version 12.00
# Visual Studio Version 17
VisualStudioVersion = 17.12.35209.166
MinimumVisualStudioVersion = 10.0.40219.1
Project("{FAE04EC0-301F-11D3-BF4B-00C04F79EFBC}") = "AB205OOPStart", "AB205OOPStart\AB205OOPStart.csproj", "{26957FE7-C4EC-4F02-ACC3-2ACF34AE58DA}"
EndProject
Global
	GlobalSection(SolutionConfigurationPlatforms) = preSolution
		Debug|Any CPU = Debug|Any CPU
		Release|Any CPU = Release|Any CPU
	EndGlobalSection
	GlobalSection(ProjectConfigurationPlatforms) = postSolution
		{26957FE7-C4EC-4F02-ACC3-2ACF34AE58DA}.Debug|Any CPU.ActiveCfg = Debug|Any CPU
		{26957FE7-C4EC-4F02-ACC3-2ACF34AE58DA}.Debug|Any CPU.Build.0 = Debug|Any CPU
		{26957FE7-C4EC-4F02-ACC3-2ACF34AE58DA}.Release|Any CPU.ActiveCfg = Release|Any CPU
		{26957FE7-C4EC-4F02-ACC3-2ACF34AE58DA}.Release|Any CPU.Build.0 = Release|Any CPU
	EndGlobalSection
	GlobalSection(SolutionProperties) = preSolution
		HideSolutionNode = FALSE
	EndGlobalSection
	GlobalSection(ExtensibilityGlobals) = postSolution
		SolutionGuid = {629F75FB-E083-4D6B-A31E-752ECB7C84E2}
	EndGlobalSection
EndGlobal
